{
	"name": "fetch-test",
	"version": "0.0.0",
	"lockfileVersion": 1,
	"requires": true,
	"dependencies": {
		"@ts-task/fetch": {
			"version": "1.0.6",
			"resolved": "https://registry.npmjs.org/@ts-task/fetch/-/fetch-1.0.6.tgz",
			"integrity": "sha512-pKXNRhV0OJc6W/m+Saz6oC9yzpFIj8yeAXFcPLhpNBrTrwSb6mEpqzjmYQVoBLytdsQAmz973AVeOYi/6kdeJw==",
			"requires": {
				"@ts-task/task": "^1.0.1"
			}
		},
		"@ts-task/task": {
			"version": "1.0.2",
			"resolved": "https://registry.npmjs.org/@ts-task/task/-/task-1.0.2.tgz",
			"integrity": "sha512-N89DqrkBnTK5v62aNiNZWOv92v/JbmzOIhBY35lgNvoJfF3rgMjIELNgv9oCvQ8yV4y0wHgxiVUb5H7RK+G8Mg=="
		},
		"node-fetch": {
			"version": "2.3.0",
			"resolved": "https://registry.npmjs.org/node-fetch/-/node-fetch-2.3.0.tgz",
			"integrity": "sha512-MOd8pV3fxENbryESLgVIeaGKrdl+uaYhCSSVkjeOb/31/njTpcis5aWfdqgNlHIrKOLRbMnfPINPOML2CIFeXA=="
		}
	}
}
