{
	"name": "@oas-ts/cli",
	"version": "0.0.0",
	"lockfileVersion": 1,
	"requires": true,
	"dependencies": {
		"@ts-task/fetch": {
			"version": "1.0.5",
			"resolved": "https://registry.npmjs.org/@ts-task/fetch/-/fetch-1.0.5.tgz",
			"integrity": "sha512-uQqKM4KKhARhDmZZxmSE2rfw1IuoCZwaYDBlDHjK1Oymc3USavqKRc7PX33psaLOqgLVDVop6u3VLRvRua+/CQ==",
			"requires": {
				"@ts-task/task": "^1.0.1"
			}
		},
		"@ts-task/fs": {
			"version": "1.0.1",
			"resolved": "https://registry.npmjs.org/@ts-task/fs/-/fs-1.0.1.tgz",
			"integrity": "sha512-T0sX2dSTSAgYVzgJuXucyr5oeSj75iO/Xc9H1h0QoIWDmOjYZ09hGeR2bcSt8tfohUuBgGv5qkeuLtbL4Rp8cQ==",
			"requires": {
				"@ts-task/task": "^1.0.1"
			}
		},
		"@ts-task/task": {
			"version": "1.0.1",
			"resolved": "https://registry.npmjs.org/@ts-task/task/-/task-1.0.1.tgz",
			"integrity": "sha512-fzg6pl3nJURSU3Whge8F76BGEvVi0vvkLWAjJuQZfprxn30IKAlXL/cKeyC+gCi2vsmzbjgiMSYWVxI72xLjTw=="
		},
		"@types/ramda": {
			"version": "0.25.44",
			"resolved": "https://registry.npmjs.org/@types/ramda/-/ramda-0.25.44.tgz",
			"integrity": "sha512-LaaBuiDSTo4FlsgNMpKoIgnbq85PP/blpptQgNijtR/H5iXhtBtByCLUElIEuSVxyno1h0yfHYqDooa+C1spIg==",
			"dev": true
		},
		"parmenides": {
			"version": "0.1.0",
			"resolved": "https://registry.npmjs.org/parmenides/-/parmenides-0.1.0.tgz",
			"integrity": "sha512-iBcTjqaKPJWxleblD1D4qbSEhgJdRrKqj5fnmYb1kyCogjAQOdiPuJtnfZUbbvicpi9MHJEyL/Vg87IK4aneJA=="
		},
		"ramda": {
			"version": "0.26.1",
			"resolved": "https://registry.npmjs.org/ramda/-/ramda-0.26.1.tgz",
			"integrity": "sha512-hLWjpy7EnsDBb0p+Z3B7rPi3GDeRG5ZtiI33kJhTt+ORCd38AbAIjB/9zRIUoeTbE/AVX5ZkU7m6bznsvrf8eQ=="
		}
	}
}
