{
	"name": "@oas-ts/cli",
	"version": "0.0.0",
	"lockfileVersion": 1,
	"requires": true,
	"dependencies": {
		"parmenides": {
			"version": "0.1.0",
			"resolved": "https://registry.npmjs.org/parmenides/-/parmenides-0.1.0.tgz",
			"integrity": "sha512-iBcTjqaKPJWxleblD1D4qbSEhgJdRrKqj5fnmYb1kyCogjAQOdiPuJtnfZUbbvicpi9MHJEyL/Vg87IK4aneJA=="
		}
	}
}
